
Microsoft Visual Studio Solution File, Format Version 12.00
# Visual Studio 15
VisualStudioVersion = 15.0.27703.2047
MinimumVisualStudioVersion = 10.0.40219.1
Project("{FAE04EC0-301F-11D3-BF4B-00C04F79EFBC}") = "WBI_WestbendInsurancePRJ", "EAXamarinAPP\EAXamarinAPP.Android\WBI_WestbendInsurancePRJ.csproj", "{94682B56-C156-4880-B4B5-A693194D0AD8}"
EndProject
Project("{FAE04EC0-301F-11D3-BF4B-00C04F79EFBC}") = "WBI_WestbendInsurancePRJ.iOS", "EAXamarinAPP\EAXamarinAPP.iOS\WBI_WestbendInsurancePRJ.iOS.csproj", "{13DAE8C3-E29F-49AE-946D-5BC75938F8B1}"
EndProject
Project("{FAE04EC0-301F-11D3-BF4B-00C04F79EFBC}") = "WBI_WestbendInsurancePRJ.UWP", "EAXamarinAPP\EAXamarinAPP.UWP\WBI_WestbendInsurancePRJ.UWP.csproj", "{DD1B5125-30B6-49EB-89A7-64E7557EDD21}"
EndProject
Project("{FAE04EC0-301F-11D3-BF4B-00C04F79EFBC}") = "CrossplatformWestBendApp", "CrossplatformApp\CrossplatformWestBendApp.csproj", "{B19C892E-2628-4CA7-AD27-08D406A3B14B}"
EndProject
Global
	GlobalSection(SharedMSBuildProjectFiles) = preSolution
		EAXamarinAPP\EAXamarinAPP\EAXamarinAPP.projitems*{13dae8c3-e29f-49ae-946d-5bc75938f8b1}*SharedItemsImports = 4
		EAXamarinAPP\EAXamarinAPP\EAXamarinAPP.projitems*{94682b56-c156-4880-b4b5-a693194d0ad8}*SharedItemsImports = 4
		EAXamarinAPP\EAXamarinAPP\EAXamarinAPP.projitems*{dd1b5125-30b6-49eb-89a7-64e7557edd21}*SharedItemsImports = 4
	EndGlobalSection
	GlobalSection(SolutionConfigurationPlatforms) = preSolution
		Debug|Any CPU = Debug|Any CPU
		Debug|ARM = Debug|ARM
		Debug|iPhone = Debug|iPhone
		Debug|iPhoneSimulator = Debug|iPhoneSimulator
		Debug|x64 = Debug|x64
		Debug|x86 = Debug|x86
		Release|Any CPU = Release|Any CPU
		Release|ARM = Release|ARM
		Release|iPhone = Release|iPhone
		Release|iPhoneSimulator = Release|iPhoneSimulator
		Release|x64 = Release|x64
		Release|x86 = Release|x86
	EndGlobalSection
	GlobalSection(ProjectConfigurationPlatforms) = postSolution
		{94682B56-C156-4880-B4B5-A693194D0AD8}.Debug|Any CPU.ActiveCfg = Debug|Any CPU
		{94682B56-C156-4880-B4B5-A693194D0AD8}.Debug|Any CPU.Build.0 = Debug|Any CPU
		{94682B56-C156-4880-B4B5-A693194D0AD8}.Debug|Any CPU.Deploy.0 = Debug|Any CPU
		{94682B56-C156-4880-B4B5-A693194D0AD8}.Debug|ARM.ActiveCfg = Debug|Any CPU
		{94682B56-C156-4880-B4B5-A693194D0AD8}.Debug|ARM.Build.0 = Debug|Any CPU
		{94682B56-C156-4880-B4B5-A693194D0AD8}.Debug|ARM.Deploy.0 = Debug|Any CPU
		{94682B56-C156-4880-B4B5-A693194D0AD8}.Debug|iPhone.ActiveCfg = Debug|Any CPU
		{94682B56-C156-4880-B4B5-A693194D0AD8}.Debug|iPhone.Build.0 = Debug|Any CPU
		{94682B56-C156-4880-B4B5-A693194D0AD8}.Debug|iPhone.Deploy.0 = Debug|Any CPU
		{94682B56-C156-4880-B4B5-A693194D0AD8}.Debug|iPhoneSimulator.ActiveCfg = Debug|Any CPU
		{94682B56-C156-4880-B4B5-A693194D0AD8}.Debug|iPhoneSimulator.Build.0 = Debug|Any CPU
		{94682B56-C156-4880-B4B5-A693194D0AD8}.Debug|iPhoneSimulator.Deploy.0 = Debug|Any CPU
		{94682B56-C156-4880-B4B5-A693194D0AD8}.Debug|x64.ActiveCfg = Debug|Any CPU
		{94682B56-C156-4880-B4B5-A693194D0AD8}.Debug|x64.Build.0 = Debug|Any CPU
		{94682B56-C156-4880-B4B5-A693194D0AD8}.Debug|x64.Deploy.0 = Debug|Any CPU
		{94682B56-C156-4880-B4B5-A693194D0AD8}.Debug|x86.ActiveCfg = Debug|Any CPU
		{94682B56-C156-4880-B4B5-A693194D0AD8}.Debug|x86.Build.0 = Debug|Any CPU
		{94682B56-C156-4880-B4B5-A693194D0AD8}.Debug|x86.Deploy.0 = Debug|Any CPU
		{94682B56-C156-4880-B4B5-A693194D0AD8}.Release|Any CPU.ActiveCfg = Release|Any CPU
		{94682B56-C156-4880-B4B5-A693194D0AD8}.Release|Any CPU.Build.0 = Release|Any CPU
		{94682B56-C156-4880-B4B5-A693194D0AD8}.Release|Any CPU.Deploy.0 = Release|Any CPU
		{94682B56-C156-4880-B4B5-A693194D0AD8}.Release|ARM.ActiveCfg = Release|Any CPU
		{94682B56-C156-4880-B4B5-A693194D0AD8}.Release|ARM.Build.0 = Release|Any CPU
		{94682B56-C156-4880-B4B5-A693194D0AD8}.Release|ARM.Deploy.0 = Release|Any CPU
		{94682B56-C156-4880-B4B5-A693194D0AD8}.Release|iPhone.ActiveCfg = Release|Any CPU
		{94682B56-C156-4880-B4B5-A693194D0AD8}.Release|iPhone.Build.0 = Release|Any CPU
		{94682B56-C156-4880-B4B5-A693194D0AD8}.Release|iPhone.Deploy.0 = Release|Any CPU
		{94682B56-C156-4880-B4B5-A693194D0AD8}.Release|iPhoneSimulator.ActiveCfg = Release|Any CPU
		{94682B56-C156-4880-B4B5-A693194D0AD8}.Release|iPhoneSimulator.Build.0 = Release|Any CPU
		{94682B56-C156-4880-B4B5-A693194D0AD8}.Release|iPhoneSimulator.Deploy.0 = Release|Any CPU
		{94682B56-C156-4880-B4B5-A693194D0AD8}.Release|x64.ActiveCfg = Release|Any CPU
		{94682B56-C156-4880-B4B5-A693194D0AD8}.Release|x64.Build.0 = Release|Any CPU
		{94682B56-C156-4880-B4B5-A693194D0AD8}.Release|x64.Deploy.0 = Release|Any CPU
		{94682B56-C156-4880-B4B5-A693194D0AD8}.Release|x86.ActiveCfg = Release|Any CPU
		{94682B56-C156-4880-B4B5-A693194D0AD8}.Release|x86.Build.0 = Release|Any CPU
		{94682B56-C156-4880-B4B5-A693194D0AD8}.Release|x86.Deploy.0 = Release|Any CPU
		{13DAE8C3-E29F-49AE-946D-5BC75938F8B1}.Debug|Any CPU.ActiveCfg = Debug|iPhoneSimulator
		{13DAE8C3-E29F-49AE-946D-5BC75938F8B1}.Debug|Any CPU.Build.0 = Debug|iPhoneSimulator
		{13DAE8C3-E29F-49AE-946D-5BC75938F8B1}.Debug|Any CPU.Deploy.0 = Debug|iPhoneSimulator
		{13DAE8C3-E29F-49AE-946D-5BC75938F8B1}.Debug|ARM.ActiveCfg = Debug|iPhone
		{13DAE8C3-E29F-49AE-946D-5BC75938F8B1}.Debug|ARM.Build.0 = Debug|iPhone
		{13DAE8C3-E29F-49AE-946D-5BC75938F8B1}.Debug|ARM.Deploy.0 = Debug|iPhone
		{13DAE8C3-E29F-49AE-946D-5BC75938F8B1}.Debug|iPhone.ActiveCfg = Debug|iPhone
		{13DAE8C3-E29F-49AE-946D-5BC75938F8B1}.Debug|iPhone.Build.0 = Debug|iPhone
		{13DAE8C3-E29F-49AE-946D-5BC75938F8B1}.Debug|iPhone.Deploy.0 = Debug|iPhone
		{13DAE8C3-E29F-49AE-946D-5BC75938F8B1}.Debug|iPhoneSimulator.ActiveCfg = Debug|iPhoneSimulator
		{13DAE8C3-E29F-49AE-946D-5BC75938F8B1}.Debug|iPhoneSimulator.Build.0 = Debug|iPhoneSimulator
		{13DAE8C3-E29F-49AE-946D-5BC75938F8B1}.Debug|iPhoneSimulator.Deploy.0 = Debug|iPhoneSimulator
		{13DAE8C3-E29F-49AE-946D-5BC75938F8B1}.Debug|x64.ActiveCfg = Debug|iPhone
		{13DAE8C3-E29F-49AE-946D-5BC75938F8B1}.Debug|x64.Build.0 = Debug|iPhone
		{13DAE8C3-E29F-49AE-946D-5BC75938F8B1}.Debug|x64.Deploy.0 = Debug|iPhone
		{13DAE8C3-E29F-49AE-946D-5BC75938F8B1}.Debug|x86.ActiveCfg = Debug|iPhone
		{13DAE8C3-E29F-49AE-946D-5BC75938F8B1}.Debug|x86.Build.0 = Debug|iPhone
		{13DAE8C3-E29F-49AE-946D-5BC75938F8B1}.Debug|x86.Deploy.0 = Debug|iPhone
		{13DAE8C3-E29F-49AE-946D-5BC75938F8B1}.Release|Any CPU.ActiveCfg = Release|iPhone
		{13DAE8C3-E29F-49AE-946D-5BC75938F8B1}.Release|Any CPU.Build.0 = Release|iPhone
		{13DAE8C3-E29F-49AE-946D-5BC75938F8B1}.Release|Any CPU.Deploy.0 = Release|iPhone
		{13DAE8C3-E29F-49AE-946D-5BC75938F8B1}.Release|ARM.ActiveCfg = Release|iPhone
		{13DAE8C3-E29F-49AE-946D-5BC75938F8B1}.Release|ARM.Build.0 = Release|iPhone
		{13DAE8C3-E29F-49AE-946D-5BC75938F8B1}.Release|ARM.Deploy.0 = Release|iPhone
		{13DAE8C3-E29F-49AE-946D-5BC75938F8B1}.Release|iPhone.ActiveCfg = Release|iPhone
		{13DAE8C3-E29F-49AE-946D-5BC75938F8B1}.Release|iPhone.Build.0 = Release|iPhone
		{13DAE8C3-E29F-49AE-946D-5BC75938F8B1}.Release|iPhone.Deploy.0 = Release|iPhone
		{13DAE8C3-E29F-49AE-946D-5BC75938F8B1}.Release|iPhoneSimulator.ActiveCfg = Release|iPhoneSimulator
		{13DAE8C3-E29F-49AE-946D-5BC75938F8B1}.Release|iPhoneSimulator.Build.0 = Release|iPhoneSimulator
		{13DAE8C3-E29F-49AE-946D-5BC75938F8B1}.Release|iPhoneSimulator.Deploy.0 = Release|iPhoneSimulator
		{13DAE8C3-E29F-49AE-946D-5BC75938F8B1}.Release|x64.ActiveCfg = Release|iPhone
		{13DAE8C3-E29F-49AE-946D-5BC75938F8B1}.Release|x64.Build.0 = Release|iPhone
		{13DAE8C3-E29F-49AE-946D-5BC75938F8B1}.Release|x64.Deploy.0 = Release|iPhone
		{13DAE8C3-E29F-49AE-946D-5BC75938F8B1}.Release|x86.ActiveCfg = Release|iPhone
		{13DAE8C3-E29F-49AE-946D-5BC75938F8B1}.Release|x86.Build.0 = Release|iPhone
		{13DAE8C3-E29F-49AE-946D-5BC75938F8B1}.Release|x86.Deploy.0 = Release|iPhone
		{DD1B5125-30B6-49EB-89A7-64E7557EDD21}.Debug|Any CPU.ActiveCfg = Debug|x86
		{DD1B5125-30B6-49EB-89A7-64E7557EDD21}.Debug|Any CPU.Build.0 = Debug|x86
		{DD1B5125-30B6-49EB-89A7-64E7557EDD21}.Debug|Any CPU.Deploy.0 = Debug|x86
		{DD1B5125-30B6-49EB-89A7-64E7557EDD21}.Debug|ARM.ActiveCfg = Debug|ARM
		{DD1B5125-30B6-49EB-89A7-64E7557EDD21}.Debug|ARM.Build.0 = Debug|ARM
		{DD1B5125-30B6-49EB-89A7-64E7557EDD21}.Debug|ARM.Deploy.0 = Debug|ARM
		{DD1B5125-30B6-49EB-89A7-64E7557EDD21}.Debug|iPhone.ActiveCfg = Debug|x86
		{DD1B5125-30B6-49EB-89A7-64E7557EDD21}.Debug|iPhone.Build.0 = Debug|x86
		{DD1B5125-30B6-49EB-89A7-64E7557EDD21}.Debug|iPhone.Deploy.0 = Debug|x86
		{DD1B5125-30B6-49EB-89A7-64E7557EDD21}.Debug|iPhoneSimulator.ActiveCfg = Debug|x86
		{DD1B5125-30B6-49EB-89A7-64E7557EDD21}.Debug|iPhoneSimulator.Build.0 = Debug|x86
		{DD1B5125-30B6-49EB-89A7-64E7557EDD21}.Debug|iPhoneSimulator.Deploy.0 = Debug|x86
		{DD1B5125-30B6-49EB-89A7-64E7557EDD21}.Debug|x64.ActiveCfg = Debug|x64
		{DD1B5125-30B6-49EB-89A7-64E7557EDD21}.Debug|x64.Build.0 = Debug|x64
		{DD1B5125-30B6-49EB-89A7-64E7557EDD21}.Debug|x64.Deploy.0 = Debug|x64
		{DD1B5125-30B6-49EB-89A7-64E7557EDD21}.Debug|x86.ActiveCfg = Debug|x86
		{DD1B5125-30B6-49EB-89A7-64E7557EDD21}.Debug|x86.Build.0 = Debug|x86
		{DD1B5125-30B6-49EB-89A7-64E7557EDD21}.Debug|x86.Deploy.0 = Debug|x86
		{DD1B5125-30B6-49EB-89A7-64E7557EDD21}.Release|Any CPU.ActiveCfg = Release|x86
		{DD1B5125-30B6-49EB-89A7-64E7557EDD21}.Release|Any CPU.Build.0 = Release|x86
		{DD1B5125-30B6-49EB-89A7-64E7557EDD21}.Release|Any CPU.Deploy.0 = Release|x86
		{DD1B5125-30B6-49EB-89A7-64E7557EDD21}.Release|ARM.ActiveCfg = Release|ARM
		{DD1B5125-30B6-49EB-89A7-64E7557EDD21}.Release|ARM.Build.0 = Release|ARM
		{DD1B5125-30B6-49EB-89A7-64E7557EDD21}.Release|ARM.Deploy.0 = Release|ARM
		{DD1B5125-30B6-49EB-89A7-64E7557EDD21}.Release|iPhone.ActiveCfg = Release|x86
		{DD1B5125-30B6-49EB-89A7-64E7557EDD21}.Release|iPhone.Build.0 = Release|x86
		{DD1B5125-30B6-49EB-89A7-64E7557EDD21}.Release|iPhone.Deploy.0 = Release|x86
		{DD1B5125-30B6-49EB-89A7-64E7557EDD21}.Release|iPhoneSimulator.ActiveCfg = Release|x86
		{DD1B5125-30B6-49EB-89A7-64E7557EDD21}.Release|iPhoneSimulator.Build.0 = Release|x86
		{DD1B5125-30B6-49EB-89A7-64E7557EDD21}.Release|iPhoneSimulator.Deploy.0 = Release|x86
		{DD1B5125-30B6-49EB-89A7-64E7557EDD21}.Release|x64.ActiveCfg = Release|x64
		{DD1B5125-30B6-49EB-89A7-64E7557EDD21}.Release|x64.Build.0 = Release|x64
		{DD1B5125-30B6-49EB-89A7-64E7557EDD21}.Release|x64.Deploy.0 = Release|x64
		{DD1B5125-30B6-49EB-89A7-64E7557EDD21}.Release|x86.ActiveCfg = Release|x86
		{DD1B5125-30B6-49EB-89A7-64E7557EDD21}.Release|x86.Build.0 = Release|x86
		{DD1B5125-30B6-49EB-89A7-64E7557EDD21}.Release|x86.Deploy.0 = Release|x86
		{B19C892E-2628-4CA7-AD27-08D406A3B14B}.Debug|Any CPU.ActiveCfg = Debug|Any CPU
		{B19C892E-2628-4CA7-AD27-08D406A3B14B}.Debug|Any CPU.Build.0 = Debug|Any CPU
		{B19C892E-2628-4CA7-AD27-08D406A3B14B}.Debug|ARM.ActiveCfg = Debug|Any CPU
		{B19C892E-2628-4CA7-AD27-08D406A3B14B}.Debug|ARM.Build.0 = Debug|Any CPU
		{B19C892E-2628-4CA7-AD27-08D406A3B14B}.Debug|iPhone.ActiveCfg = Debug|Any CPU
		{B19C892E-2628-4CA7-AD27-08D406A3B14B}.Debug|iPhone.Build.0 = Debug|Any CPU
		{B19C892E-2628-4CA7-AD27-08D406A3B14B}.Debug|iPhoneSimulator.ActiveCfg = Debug|Any CPU
		{B19C892E-2628-4CA7-AD27-08D406A3B14B}.Debug|iPhoneSimulator.Build.0 = Debug|Any CPU
		{B19C892E-2628-4CA7-AD27-08D406A3B14B}.Debug|x64.ActiveCfg = Debug|Any CPU
		{B19C892E-2628-4CA7-AD27-08D406A3B14B}.Debug|x64.Build.0 = Debug|Any CPU
		{B19C892E-2628-4CA7-AD27-08D406A3B14B}.Debug|x86.ActiveCfg = Debug|Any CPU
		{B19C892E-2628-4CA7-AD27-08D406A3B14B}.Debug|x86.Build.0 = Debug|Any CPU
		{B19C892E-2628-4CA7-AD27-08D406A3B14B}.Release|Any CPU.ActiveCfg = Release|Any CPU
		{B19C892E-2628-4CA7-AD27-08D406A3B14B}.Release|Any CPU.Build.0 = Release|Any CPU
		{B19C892E-2628-4CA7-AD27-08D406A3B14B}.Release|ARM.ActiveCfg = Release|Any CPU
		{B19C892E-2628-4CA7-AD27-08D406A3B14B}.Release|ARM.Build.0 = Release|Any CPU
		{B19C892E-2628-4CA7-AD27-08D406A3B14B}.Release|iPhone.ActiveCfg = Release|Any CPU
		{B19C892E-2628-4CA7-AD27-08D406A3B14B}.Release|iPhone.Build.0 = Release|Any CPU
		{B19C892E-2628-4CA7-AD27-08D406A3B14B}.Release|iPhoneSimulator.ActiveCfg = Release|Any CPU
		{B19C892E-2628-4CA7-AD27-08D406A3B14B}.Release|iPhoneSimulator.Build.0 = Release|Any CPU
		{B19C892E-2628-4CA7-AD27-08D406A3B14B}.Release|x64.ActiveCfg = Release|Any CPU
		{B19C892E-2628-4CA7-AD27-08D406A3B14B}.Release|x64.Build.0 = Release|Any CPU
		{B19C892E-2628-4CA7-AD27-08D406A3B14B}.Release|x86.ActiveCfg = Release|Any CPU
		{B19C892E-2628-4CA7-AD27-08D406A3B14B}.Release|x86.Build.0 = Release|Any CPU
	EndGlobalSection
	GlobalSection(SolutionProperties) = preSolution
		HideSolutionNode = FALSE
	EndGlobalSection
	GlobalSection(ExtensibilityGlobals) = postSolution
		SolutionGuid = {A4A6E396-8351-4F99-BC1D-3A61B8756A7A}
	EndGlobalSection
EndGlobal
